// !$*UTF8*$!
{
	archiveVersion = 1;
	classes = {
	};
	objectVersion = 55;
	objects = {

/* Begin PBXBuildFile section */
		1BB8C9F529E9A7190088DEF7 /* AppDelegate.swift in Sources */ = {isa = PBXBuildFile; fileRef = 1BB8C9F429E9A7190088DEF7 /* AppDelegate.swift */; };
		1BB8C9F729E9A7190088DEF7 /* SceneDelegate.swift in Sources */ = {isa = PBXBuildFile; fileRef = 1BB8C9F629E9A7190088DEF7 /* SceneDelegate.swift */; };
		1BB8C9FE29E9A7240088DEF7 /* Assets.xcassets in Resources */ = {isa = PBXBuildFile; fileRef = 1BB8C9FD29E9A7240088DEF7 /* Assets.xcassets */; };
		1BB8CA0129E9A7240088DEF7 /* LaunchScreen.storyboard in Resources */ = {isa = PBXBuildFile; fileRef = 1BB8C9FF29E9A7240088DEF7 /* LaunchScreen.storyboard */; };
		1BB8CA0E29E9AA630088DEF7 /* SnapKit in Frameworks */ = {isa = PBXBuildFile; productRef = 1BB8CA0D29E9AA630088DEF7 /* SnapKit */; };
		1BB8CA1029E9AE560088DEF7 /* WeatherViewController.swift in Sources */ = {isa = PBXBuildFile; fileRef = 1BB8CA0F29E9AE560088DEF7 /* WeatherViewController.swift */; };
		1BB8CA1229E9B1AF0088DEF7 /* UILabel+Extension.swift in Sources */ = {isa = PBXBuildFile; fileRef = 1BB8CA1129E9B1AF0088DEF7 /* UILabel+Extension.swift */; };
		1BB8CA1629E9B2610088DEF7 /* WeatherViewController+alertController.swift in Sources */ = {isa = PBXBuildFile; fileRef = 1BB8CA1529E9B2610088DEF7 /* WeatherViewController+alertController.swift */; };
		1BB8CA1A29E9B37D0088DEF7 /* NetworkWeatherManager.swift in Sources */ = {isa = PBXBuildFile; fileRef = 1BB8CA1929E9B37D0088DEF7 /* NetworkWeatherManager.swift */; };
		1BD220B429F974D000FD4271 /* Constants.swift in Sources */ = {isa = PBXBuildFile; fileRef = 1BD220B329F974D000FD4271 /* Constants.swift */; };
		1BEDB4E429F8208000901226 /* CurrentWeatherData.swift in Sources */ = {isa = PBXBuildFile; fileRef = 1BEDB4E329F8207F00901226 /* CurrentWeatherData.swift */; };
		1BEDB4E729F82ED500901226 /* CurrentWeather.swift in Sources */ = {isa = PBXBuildFile; fileRef = 1BEDB4E629F82ED400901226 /* CurrentWeather.swift */; };
/* End PBXBuildFile section */

/* Begin PBXFileReference section */
		1BB8C9F129E9A7190088DEF7 /* The Weather.app */ = {isa = PBXFileReference; explicitFileType = wrapper.application; includeInIndex = 0; path = "The Weather.app"; sourceTree = BUILT_PRODUCTS_DIR; };
		1BB8C9F429E9A7190088DEF7 /* AppDelegate.swift */ = {isa = PBXFileReference; lastKnownFileType = sourcecode.swift; path = AppDelegate.swift; sourceTree = "<group>"; };
		1BB8C9F629E9A7190088DEF7 /* SceneDelegate.swift */ = {isa = PBXFileReference; lastKnownFileType = sourcecode.swift; path = SceneDelegate.swift; sourceTree = "<group>"; };
		1BB8C9FD29E9A7240088DEF7 /* Assets.xcassets */ = {isa = PBXFileReference; lastKnownFileType = folder.assetcatalog; path = Assets.xcassets; sourceTree = "<group>"; };
		1BB8CA0029E9A7240088DEF7 /* Base */ = {isa = PBXFileReference; lastKnownFileType = file.storyboard; name = Base; path = Base.lproj/LaunchScreen.storyboard; sourceTree = "<group>"; };
		1BB8CA0229E9A7240088DEF7 /* Info.plist */ = {isa = PBXFileReference; lastKnownFileType = text.plist.xml; path = Info.plist; sourceTree = "<group>"; };
		1BB8CA0F29E9AE560088DEF7 /* WeatherViewController.swift */ = {isa = PBXFileReference; lastKnownFileType = sourcecode.swift; path = WeatherViewController.swift; sourceTree = "<group>"; };
		1BB8CA1129E9B1AF0088DEF7 /* UILabel+Extension.swift */ = {isa = PBXFileReference; lastKnownFileType = sourcecode.swift; path = "UILabel+Extension.swift"; sourceTree = "<group>"; };
		1BB8CA1529E9B2610088DEF7 /* WeatherViewController+alertController.swift */ = {isa = PBXFileReference; lastKnownFileType = sourcecode.swift; path = "WeatherViewController+alertController.swift"; sourceTree = "<group>"; };
		1BB8CA1929E9B37D0088DEF7 /* NetworkWeatherManager.swift */ = {isa = PBXFileReference; lastKnownFileType = sourcecode.swift; path = NetworkWeatherManager.swift; sourceTree = "<group>"; };
		1BD220B329F974D000FD4271 /* Constants.swift */ = {isa = PBXFileReference; lastKnownFileType = sourcecode.swift; path = Constants.swift; sourceTree = "<group>"; };
		1BEDB4E329F8207F00901226 /* CurrentWeatherData.swift */ = {isa = PBXFileReference; lastKnownFileType = sourcecode.swift; path = CurrentWeatherData.swift; sourceTree = "<group>"; };
		1BEDB4E629F82ED400901226 /* CurrentWeather.swift */ = {isa = PBXFileReference; lastKnownFileType = sourcecode.swift; path = CurrentWeather.swift; sourceTree = "<group>"; };
/* End PBXFileReference section */

/* Begin PBXFrameworksBuildPhase section */
		1BB8C9EE29E9A7190088DEF7 /* Frameworks */ = {
			isa = PBXFrameworksBuildPhase;
			buildActionMask = 2147483647;
			files = (
				1BB8CA0E29E9AA630088DEF7 /* SnapKit in Frameworks */,
			);
			runOnlyForDeploymentPostprocessing = 0;
		};
/* End PBXFrameworksBuildPhase section */

/* Begin PBXGroup section */
		1BB8C9E829E9A7190088DEF7 = {
			isa = PBXGroup;
			children = (
				1BB8C9F329E9A7190088DEF7 /* The Weather */,
				1BB8C9F229E9A7190088DEF7 /* Products */,
			);
			sourceTree = "<group>";
		};
		1BB8C9F229E9A7190088DEF7 /* Products */ = {
			isa = PBXGroup;
			children = (
				1BB8C9F129E9A7190088DEF7 /* The Weather.app */,
			);
			name = Products;
			sourceTree = "<group>";
		};
		1BB8C9F329E9A7190088DEF7 /* The Weather */ = {
			isa = PBXGroup;
			children = (
				1BB8CA1729E9B3000088DEF7 /* Extension */,
				1BB8CA1829E9B3370088DEF7 /* Network */,
				1BEDB4E529F8208900901226 /* Model */,
				1BB8CA0B29E9A9280088DEF7 /* ViewControllers */,
				1BB8CA0829E9A79B0088DEF7 /* Application */,
				1BB8CA0929E9A8F80088DEF7 /* Resources */,
				1BB8CA0A29E9A9130088DEF7 /* SupportingFiles */,
			);
			path = "The Weather";
			sourceTree = "<group>";
		};
		1BB8CA0829E9A79B0088DEF7 /* Application */ = {
			isa = PBXGroup;
			children = (
				1BB8C9F429E9A7190088DEF7 /* AppDelegate.swift */,
				1BB8C9F629E9A7190088DEF7 /* SceneDelegate.swift */,
			);
			path = Application;
			sourceTree = "<group>";
		};
		1BB8CA0929E9A8F80088DEF7 /* Resources */ = {
			isa = PBXGroup;
			children = (
				1BB8C9FD29E9A7240088DEF7 /* Assets.xcassets */,
			);
			path = Resources;
			sourceTree = "<group>";
		};
		1BB8CA0A29E9A9130088DEF7 /* SupportingFiles */ = {
			isa = PBXGroup;
			children = (
				1BB8C9FF29E9A7240088DEF7 /* LaunchScreen.storyboard */,
				1BB8CA0229E9A7240088DEF7 /* Info.plist */,
				1BD220B329F974D000FD4271 /* Constants.swift */,
			);
			path = SupportingFiles;
			sourceTree = "<group>";
		};
		1BB8CA0B29E9A9280088DEF7 /* ViewControllers */ = {
			isa = PBXGroup;
			children = (
				1BB8CA0F29E9AE560088DEF7 /* WeatherViewController.swift */,
			);
			path = ViewControllers;
			sourceTree = "<group>";
		};
		1BB8CA1329E9B1DE0088DEF7 /* UiKit */ = {
			isa = PBXGroup;
			children = (
				1BB8CA1129E9B1AF0088DEF7 /* UILabel+Extension.swift */,
			);
			path = UiKit;
			sourceTree = "<group>";
		};
		1BB8CA1429E9B21B0088DEF7 /* Alert */ = {
			isa = PBXGroup;
			children = (
				1BB8CA1529E9B2610088DEF7 /* WeatherViewController+alertController.swift */,
			);
			path = Alert;
			sourceTree = "<group>";
		};
		1BB8CA1729E9B3000088DEF7 /* Extension */ = {
			isa = PBXGroup;
			children = (
				1BB8CA1329E9B1DE0088DEF7 /* UiKit */,
				1BB8CA1429E9B21B0088DEF7 /* Alert */,
			);
			path = Extension;
			sourceTree = "<group>";
		};
		1BB8CA1829E9B3370088DEF7 /* Network */ = {
			isa = PBXGroup;
			children = (
				1BB8CA1929E9B37D0088DEF7 /* NetworkWeatherManager.swift */,
			);
			path = Network;
			sourceTree = "<group>";
		};
		1BEDB4E529F8208900901226 /* Model */ = {
			isa = PBXGroup;
			children = (
				1BEDB4E329F8207F00901226 /* CurrentWeatherData.swift */,
				1BEDB4E629F82ED400901226 /* CurrentWeather.swift */,
			);
			path = Model;
			sourceTree = "<group>";
		};
/* End PBXGroup section */

/* Begin PBXNativeTarget section */
		1BB8C9F029E9A7190088DEF7 /* The Weather */ = {
			isa = PBXNativeTarget;
			buildConfigurationList = 1BB8CA0529E9A7240088DEF7 /* Build configuration list for PBXNativeTarget "The Weather" */;
			buildPhases = (
				1BB8C9ED29E9A7190088DEF7 /* Sources */,
				1BB8C9EE29E9A7190088DEF7 /* Frameworks */,
				1BB8C9EF29E9A7190088DEF7 /* Resources */,
			);
			buildRules = (
			);
			dependencies = (
			);
			name = "The Weather";
			packageProductDependencies = (
				1BB8CA0D29E9AA630088DEF7 /* SnapKit */,
			);
			productName = "The Weather";
			productReference = 1BB8C9F129E9A7190088DEF7 /* The Weather.app */;
			productType = "com.apple.product-type.application";
		};
/* End PBXNativeTarget section */

/* Begin PBXProject section */
		1BB8C9E929E9A7190088DEF7 /* Project object */ = {
			isa = PBXProject;
			attributes = {
				BuildIndependentTargetsInParallel = 1;
				LastSwiftUpdateCheck = 1320;
				LastUpgradeCheck = 1320;
				TargetAttributes = {
					1BB8C9F029E9A7190088DEF7 = {
						CreatedOnToolsVersion = 13.2;
					};
				};
			};
			buildConfigurationList = 1BB8C9EC29E9A7190088DEF7 /* Build configuration list for PBXProject "The Weather" */;
			compatibilityVersion = "Xcode 13.0";
			developmentRegion = en;
			hasScannedForEncodings = 0;
			knownRegions = (
				en,
				Base,
			);
			mainGroup = 1BB8C9E829E9A7190088DEF7;
			packageReferences = (
				1BB8CA0C29E9AA630088DEF7 /* XCRemoteSwiftPackageReference "SnapKit" */,
			);
			productRefGroup = 1BB8C9F229E9A7190088DEF7 /* Products */;
			projectDirPath = "";
			projectRoot = "";
			targets = (
				1BB8C9F029E9A7190088DEF7 /* The Weather */,
			);
		};
/* End PBXProject section */

/* Begin PBXResourcesBuildPhase section */
		1BB8C9EF29E9A7190088DEF7 /* Resources */ = {
			isa = PBXResourcesBuildPhase;
			buildActionMask = 2147483647;
			files = (
				1BB8CA0129E9A7240088DEF7 /* LaunchScreen.storyboard in Resources */,
				1BB8C9FE29E9A7240088DEF7 /* Assets.xcassets in Resources */,
			);
			runOnlyForDeploymentPostprocessing = 0;
		};
/* End PBXResourcesBuildPhase section */

/* Begin PBXSourcesBuildPhase section */
		1BB8C9ED29E9A7190088DEF7 /* Sources */ = {
			isa = PBXSourcesBuildPhase;
			buildActionMask = 2147483647;
			files = (
				1BB8CA1629E9B2610088DEF7 /* WeatherViewController+alertController.swift in Sources */,
				1BB8CA1A29E9B37D0088DEF7 /* NetworkWeatherManager.swift in Sources */,
				1BEDB4E729F82ED500901226 /* CurrentWeather.swift in Sources */,
				1BB8CA1029E9AE560088DEF7 /* WeatherViewController.swift in Sources */,
				1BB8CA1229E9B1AF0088DEF7 /* UILabel+Extension.swift in Sources */,
				1BB8C9F529E9A7190088DEF7 /* AppDelegate.swift in Sources */,
				1BEDB4E429F8208000901226 /* CurrentWeatherData.swift in Sources */,
				1BB8C9F729E9A7190088DEF7 /* SceneDelegate.swift in Sources */,
				1BD220B429F974D000FD4271 /* Constants.swift in Sources */,
			);
			runOnlyForDeploymentPostprocessing = 0;
		};
/* End PBXSourcesBuildPhase section */

/* Begin PBXVariantGroup section */
		1BB8C9FF29E9A7240088DEF7 /* LaunchScreen.storyboard */ = {
			isa = PBXVariantGroup;
			children = (
				1BB8CA0029E9A7240088DEF7 /* Base */,
			);
			name = LaunchScreen.storyboard;
			sourceTree = "<group>";
		};
/* End PBXVariantGroup section */

/* Begin XCBuildConfiguration section */
		1BB8CA0329E9A7240088DEF7 /* Debug */ = {
			isa = XCBuildConfiguration;
			buildSettings = {
				ALWAYS_SEARCH_USER_PATHS = NO;
				CLANG_ANALYZER_NONNULL = YES;
				CLANG_ANALYZER_NUMBER_OBJECT_CONVERSION = YES_AGGRESSIVE;
				CLANG_CXX_LANGUAGE_STANDARD = "gnu++17";
				CLANG_CXX_LIBRARY = "libc++";
				CLANG_ENABLE_MODULES = YES;
				CLANG_ENABLE_OBJC_ARC = YES;
				CLANG_ENABLE_OBJC_WEAK = YES;
				CLANG_WARN_BLOCK_CAPTURE_AUTORELEASING = YES;
				CLANG_WARN_BOOL_CONVERSION = YES;
				CLANG_WARN_COMMA = YES;
				CLANG_WARN_CONSTANT_CONVERSION = YES;
				CLANG_WARN_DEPRECATED_OBJC_IMPLEMENTATIONS = YES;
				CLANG_WARN_DIRECT_OBJC_ISA_USAGE = YES_ERROR;
				CLANG_WARN_DOCUMENTATION_COMMENTS = YES;
				CLANG_WARN_EMPTY_BODY = YES;
				CLANG_WARN_ENUM_CONVERSION = YES;
				CLANG_WARN_INFINITE_RECURSION = YES;
				CLANG_WARN_INT_CONVERSION = YES;
				CLANG_WARN_NON_LITERAL_NULL_CONVERSION = YES;
				CLANG_WARN_OBJC_IMPLICIT_RETAIN_SELF = YES;
				CLANG_WARN_OBJC_LITERAL_CONVERSION = YES;
				CLANG_WARN_OBJC_ROOT_CLASS = YES_ERROR;
				CLANG_WARN_QUOTED_INCLUDE_IN_FRAMEWORK_HEADER = YES;
				CLANG_WARN_RANGE_LOOP_ANALYSIS = YES;
				CLANG_WARN_STRICT_PROTOTYPES = YES;
				CLANG_WARN_SUSPICIOUS_MOVE = YES;
				CLANG_WARN_UNGUARDED_AVAILABILITY = YES_AGGRESSIVE;
				CLANG_WARN_UNREACHABLE_CODE = YES;
				CLANG_WARN__DUPLICATE_METHOD_MATCH = YES;
				COPY_PHASE_STRIP = NO;
				DEBUG_INFORMATION_FORMAT = dwarf;
				ENABLE_STRICT_OBJC_MSGSEND = YES;
				ENABLE_TESTABILITY = YES;
				GCC_C_LANGUAGE_STANDARD = gnu11;
				GCC_DYNAMIC_NO_PIC = NO;
				GCC_NO_COMMON_BLOCKS = YES;
				GCC_OPTIMIZATION_LEVEL = 0;
				GCC_PREPROCESSOR_DEFINITIONS = (
					"DEBUG=1",
					"$(inherited)",
				);
				GCC_WARN_64_TO_32_BIT_CONVERSION = YES;
				GCC_WARN_ABOUT_RETURN_TYPE = YES_ERROR;
				GCC_WARN_UNDECLARED_SELECTOR = YES;
				GCC_WARN_UNINITIALIZED_AUTOS = YES_AGGRESSIVE;
				GCC_WARN_UNUSED_FUNCTION = YES;
				GCC_WARN_UNUSED_VARIABLE = YES;
				IPHONEOS_DEPLOYMENT_TARGET = 15.2;
				MTL_ENABLE_DEBUG_INFO = INCLUDE_SOURCE;
				MTL_FAST_MATH = YES;
				ONLY_ACTIVE_ARCH = YES;
				SDKROOT = iphoneos;
				SWIFT_ACTIVE_COMPILATION_CONDITIONS = DEBUG;
				SWIFT_OPTIMIZATION_LEVEL = "-Onone";
			};
			name = Debug;
		};
		1BB8CA0429E9A7240088DEF7 /* Release */ = {
			isa = XCBuildConfiguration;
			buildSettings = {
				ALWAYS_SEARCH_USER_PATHS = NO;
				CLANG_ANALYZER_NONNULL = YES;
				CLANG_ANALYZER_NUMBER_OBJECT_CONVERSION = YES_AGGRESSIVE;
				CLANG_CXX_LANGUAGE_STANDARD = "gnu++17";
				CLANG_CXX_LIBRARY = "libc++";
				CLANG_ENABLE_MODULES = YES;
				CLANG_ENABLE_OBJC_ARC = YES;
				CLANG_ENABLE_OBJC_WEAK = YES;
				CLANG_WARN_BLOCK_CAPTURE_AUTORELEASING = YES;
				CLANG_WARN_BOOL_CONVERSION = YES;
				CLANG_WARN_COMMA = YES;
				CLANG_WARN_CONSTANT_CONVERSION = YES;
				CLANG_WARN_DEPRECATED_OBJC_IMPLEMENTATIONS = YES;
				CLANG_WARN_DIRECT_OBJC_ISA_USAGE = YES_ERROR;
				CLANG_WARN_DOCUMENTATION_COMMENTS = YES;
				CLANG_WARN_EMPTY_BODY = YES;
				CLANG_WARN_ENUM_CONVERSION = YES;
				CLANG_WARN_INFINITE_RECURSION = YES;
				CLANG_WARN_INT_CONVERSION = YES;
				CLANG_WARN_NON_LITERAL_NULL_CONVERSION = YES;
				CLANG_WARN_OBJC_IMPLICIT_RETAIN_SELF = YES;
				CLANG_WARN_OBJC_LITERAL_CONVERSION = YES;
				CLANG_WARN_OBJC_ROOT_CLASS = YES_ERROR;
				CLANG_WARN_QUOTED_INCLUDE_IN_FRAMEWORK_HEADER = YES;
				CLANG_WARN_RANGE_LOOP_ANALYSIS = YES;
				CLANG_WARN_STRICT_PROTOTYPES = YES;
				CLANG_WARN_SUSPICIOUS_MOVE = YES;
				CLANG_WARN_UNGUARDED_AVAILABILITY = YES_AGGRESSIVE;
				CLANG_WARN_UNREACHABLE_CODE = YES;
				CLANG_WARN__DUPLICATE_METHOD_MATCH = YES;
				COPY_PHASE_STRIP = NO;
				DEBUG_INFORMATION_FORMAT = "dwarf-with-dsym";
				ENABLE_NS_ASSERTIONS = NO;
				ENABLE_STRICT_OBJC_MSGSEND = YES;
				GCC_C_LANGUAGE_STANDARD = gnu11;
				GCC_NO_COMMON_BLOCKS = YES;
				GCC_WARN_64_TO_32_BIT_CONVERSION = YES;
				GCC_WARN_ABOUT_RETURN_TYPE = YES_ERROR;
				GCC_WARN_UNDECLARED_SELECTOR = YES;
				GCC_WARN_UNINITIALIZED_AUTOS = YES_AGGRESSIVE;
				GCC_WARN_UNUSED_FUNCTION = YES;
				GCC_WARN_UNUSED_VARIABLE = YES;
				IPHONEOS_DEPLOYMENT_TARGET = 15.2;
				MTL_ENABLE_DEBUG_INFO = NO;
				MTL_FAST_MATH = YES;
				SDKROOT = iphoneos;
				SWIFT_COMPILATION_MODE = wholemodule;
				SWIFT_OPTIMIZATION_LEVEL = "-O";
				VALIDATE_PRODUCT = YES;
			};
			name = Release;
		};
		1BB8CA0629E9A7240088DEF7 /* Debug */ = {
			isa = XCBuildConfiguration;
			buildSettings = {
				ASSETCATALOG_COMPILER_APPICON_NAME = AppIcon;
				ASSETCATALOG_COMPILER_GLOBAL_ACCENT_COLOR_NAME = AccentColor;
				CODE_SIGN_STYLE = Automatic;
				CURRENT_PROJECT_VERSION = 1;
				GENERATE_INFOPLIST_FILE = YES;
				INFOPLIST_FILE = "The Weather/SupportingFiles/Info.plist";
				INFOPLIST_KEY_UIApplicationSupportsIndirectInputEvents = YES;
				INFOPLIST_KEY_UILaunchStoryboardName = LaunchScreen;
				INFOPLIST_KEY_UISupportedInterfaceOrientations = UIInterfaceOrientationPortrait;
				INFOPLIST_KEY_UISupportedInterfaceOrientations_iPad = "UIInterfaceOrientationPortrait UIInterfaceOrientationPortraitUpsideDown UIInterfaceOrientationLandscapeLeft UIInterfaceOrientationLandscapeRight";
				INFOPLIST_KEY_UISupportedInterfaceOrientations_iPhone = "UIInterfaceOrientationPortrait UIInterfaceOrientationLandscapeLeft UIInterfaceOrientationLandscapeRight";
				LD_RUNPATH_SEARCH_PATHS = (
					"$(inherited)",
					"@executable_path/Frameworks",
				);
				MARKETING_VERSION = 1.0;
				PRODUCT_BUNDLE_IDENTIFIER = "DmitriySkok.The-Weather";
				PRODUCT_NAME = "$(TARGET_NAME)";
				SWIFT_EMIT_LOC_STRINGS = YES;
				SWIFT_VERSION = 5.0;
				TARGETED_DEVICE_FAMILY = 1;
			};
			name = Debug;
		};
		1BB8CA0729E9A7240088DEF7 /* Release */ = {
			isa = XCBuildConfiguration;
			buildSettings = {
				ASSETCATALOG_COMPILER_APPICON_NAME = AppIcon;
				ASSETCATALOG_COMPILER_GLOBAL_ACCENT_COLOR_NAME = AccentColor;
				CODE_SIGN_STYLE = Automatic;
				CURRENT_PROJECT_VERSION = 1;
				GENERATE_INFOPLIST_FILE = YES;
				INFOPLIST_FILE = "The Weather/SupportingFiles/Info.plist";
				INFOPLIST_KEY_UIApplicationSupportsIndirectInputEvents = YES;
				INFOPLIST_KEY_UILaunchStoryboardName = LaunchScreen;
				INFOPLIST_KEY_UISupportedInterfaceOrientations = UIInterfaceOrientationPortrait;
				INFOPLIST_KEY_UISupportedInterfaceOrientations_iPad = "UIInterfaceOrientationPortrait UIInterfaceOrientationPortraitUpsideDown UIInterfaceOrientationLandscapeLeft UIInterfaceOrientationLandscapeRight";
				INFOPLIST_KEY_UISupportedInterfaceOrientations_iPhone = "UIInterfaceOrientationPortrait UIInterfaceOrientationLandscapeLeft UIInterfaceOrientationLandscapeRight";
				LD_RUNPATH_SEARCH_PATHS = (
					"$(inherited)",
					"@executable_path/Frameworks",
				);
				MARKETING_VERSION = 1.0;
				PRODUCT_BUNDLE_IDENTIFIER = "DmitriySkok.The-Weather";
				PRODUCT_NAME = "$(TARGET_NAME)";
				SWIFT_EMIT_LOC_STRINGS = YES;
				SWIFT_VERSION = 5.0;
				TARGETED_DEVICE_FAMILY = 1;
			};
			name = Release;
		};
/* End XCBuildConfiguration section */

/* Begin XCConfigurationList section */
		1BB8C9EC29E9A7190088DEF7 /* Build configuration list for PBXProject "The Weather" */ = {
			isa = XCConfigurationList;
			buildConfigurations = (
				1BB8CA0329E9A7240088DEF7 /* Debug */,
				1BB8CA0429E9A7240088DEF7 /* Release */,
			);
			defaultConfigurationIsVisible = 0;
			defaultConfigurationName = Release;
		};
		1BB8CA0529E9A7240088DEF7 /* Build configuration list for PBXNativeTarget "The Weather" */ = {
			isa = XCConfigurationList;
			buildConfigurations = (
				1BB8CA0629E9A7240088DEF7 /* Debug */,
				1BB8CA0729E9A7240088DEF7 /* Release */,
			);
			defaultConfigurationIsVisible = 0;
			defaultConfigurationName = Release;
		};
/* End XCConfigurationList section */

/* Begin XCRemoteSwiftPackageReference section */
		1BB8CA0C29E9AA630088DEF7 /* XCRemoteSwiftPackageReference "SnapKit" */ = {
			isa = XCRemoteSwiftPackageReference;
			repositoryURL = "https://github.com/SnapKit/SnapKit";
			requirement = {
				kind = upToNextMajorVersion;
				minimumVersion = 5.6.0;
			};
		};
/* End XCRemoteSwiftPackageReference section */

/* Begin XCSwiftPackageProductDependency section */
		1BB8CA0D29E9AA630088DEF7 /* SnapKit */ = {
			isa = XCSwiftPackageProductDependency;
			package = 1BB8CA0C29E9AA630088DEF7 /* XCRemoteSwiftPackageReference "SnapKit" */;
			productName = SnapKit;
		};
/* End XCSwiftPackageProductDependency section */
	};
	rootObject = 1BB8C9E929E9A7190088DEF7 /* Project object */;
}
